// !$*UTF8*$!
{
	archiveVersion = 1;
	classes = {
	};
	objectVersion = 54;
	objects = {

/* Begin PBXBuildFile section */
		A9F635AC2C20281D0047C270 /* manifest.plist in Resources */ = {isa = PBXBuildFile; fileRef = A9F635AB2C20281D0047C270 /* manifest.plist */; };
		B6A9116CA3B674B4E0F0C22A /* Pods_WYunTextDemoTests.framework in Frameworks */ = {isa = PBXBuildFile; fileRef = 615BE927C1234F7695F5FED3 /* Pods_WYunTextDemoTests.framework */; };
		CB84F54F20D9037600E63257 /* AppDelegate.m in Sources */ = {isa = PBXBuildFile; fileRef = CB84F54E20D9037600E63257 /* AppDelegate.m */; };
		CB84F55220D9037600E63257 /* ViewController.m in Sources */ = {isa = PBXBuildFile; fileRef = CB84F55120D9037600E63257 /* ViewController.m */; };
		CB84F55520D9037600E63257 /* Main.storyboard in Resources */ = {isa = PBXBuildFile; fileRef = CB84F55320D9037600E63257 /* Main.storyboard */; };
		CB84F55720D9037600E63257 /* Assets.xcassets in Resources */ = {isa = PBXBuildFile; fileRef = CB84F55620D9037600E63257 /* Assets.xcassets */; };
		CB84F55A20D9037600E63257 /* LaunchScreen.storyboard in Resources */ = {isa = PBXBuildFile; fileRef = CB84F55820D9037600E63257 /* LaunchScreen.storyboard */; };
		CB84F55D20D9037600E63257 /* main.m in Sources */ = {isa = PBXBuildFile; fileRef = CB84F55C20D9037600E63257 /* main.m */; };
		CB84F56720D9037700E63257 /* WYunTextDemoTests.m in Sources */ = {isa = PBXBuildFile; fileRef = CB84F56620D9037700E63257 /* WYunTextDemoTests.m */; };
		CB84F57420D903CD00E63257 /* WYButton.m in Sources */ = {isa = PBXBuildFile; fileRef = CB84F57320D903CD00E63257 /* WYButton.m */; };
		EC95DC4A8424FCD1EAEA3E58 /* Pods_WYunTextDemo.framework in Frameworks */ = {isa = PBXBuildFile; fileRef = 49C1C1952544E1A766CA644C /* Pods_WYunTextDemo.framework */; };
/* End PBXBuildFile section */

/* Begin PBXContainerItemProxy section */
		CB84F56320D9037700E63257 /* PBXContainerItemProxy */ = {
			isa = PBXContainerItemProxy;
			containerPortal = CB84F54220D9037600E63257 /* Project object */;
			proxyType = 1;
			remoteGlobalIDString = CB84F54920D9037600E63257;
			remoteInfo = WYunTextDemo;
		};
/* End PBXContainerItemProxy section */

/* Begin PBXFileReference section */
		49C1C1952544E1A766CA644C /* Pods_WYunTextDemo.framework */ = {isa = PBXFileReference; explicitFileType = wrapper.framework; includeInIndex = 0; path = Pods_WYunTextDemo.framework; sourceTree = BUILT_PRODUCTS_DIR; };
		615BE927C1234F7695F5FED3 /* Pods_WYunTextDemoTests.framework */ = {isa = PBXFileReference; explicitFileType = wrapper.framework; includeInIndex = 0; path = Pods_WYunTextDemoTests.framework; sourceTree = BUILT_PRODUCTS_DIR; };
		699CDBE89F5A5A1AAE4D98FC /* Pods-WYunTextDemoTests.debug.xcconfig */ = {isa = PBXFileReference; includeInIndex = 1; lastKnownFileType = text.xcconfig; name = "Pods-WYunTextDemoTests.debug.xcconfig"; path = "Target Support Files/Pods-WYunTextDemoTests/Pods-WYunTextDemoTests.debug.xcconfig"; sourceTree = "<group>"; };
		8086817EF33DEC52A595F2EC /* Pods-WYunTextDemo.release.xcconfig */ = {isa = PBXFileReference; includeInIndex = 1; lastKnownFileType = text.xcconfig; name = "Pods-WYunTextDemo.release.xcconfig"; path = "Target Support Files/Pods-WYunTextDemo/Pods-WYunTextDemo.release.xcconfig"; sourceTree = "<group>"; };
		A28936FBC8C5FB1E5B0837C7 /* Pods-WYunTextDemoTests.release.xcconfig */ = {isa = PBXFileReference; includeInIndex = 1; lastKnownFileType = text.xcconfig; name = "Pods-WYunTextDemoTests.release.xcconfig"; path = "Target Support Files/Pods-WYunTextDemoTests/Pods-WYunTextDemoTests.release.xcconfig"; sourceTree = "<group>"; };
		A9F635AB2C20281D0047C270 /* manifest.plist */ = {isa = PBXFileReference; fileEncoding = 4; lastKnownFileType = text.plist.xml; path = manifest.plist; sourceTree = "<group>"; };
		CB84F54A20D9037600E63257 /* WYunTextDemo.app */ = {isa = PBXFileReference; explicitFileType = wrapper.application; includeInIndex = 0; path = WYunTextDemo.app; sourceTree = BUILT_PRODUCTS_DIR; };
		CB84F54D20D9037600E63257 /* AppDelegate.h */ = {isa = PBXFileReference; lastKnownFileType = sourcecode.c.h; path = AppDelegate.h; sourceTree = "<group>"; };
		CB84F54E20D9037600E63257 /* AppDelegate.m */ = {isa = PBXFileReference; lastKnownFileType = sourcecode.c.objc; path = AppDelegate.m; sourceTree = "<group>"; };
		CB84F55020D9037600E63257 /* ViewController.h */ = {isa = PBXFileReference; lastKnownFileType = sourcecode.c.h; path = ViewController.h; sourceTree = "<group>"; };
		CB84F55120D9037600E63257 /* ViewController.m */ = {isa = PBXFileReference; lastKnownFileType = sourcecode.c.objc; path = ViewController.m; sourceTree = "<group>"; };
		CB84F55420D9037600E63257 /* Base */ = {isa = PBXFileReference; lastKnownFileType = file.storyboard; name = Base; path = Base.lproj/Main.storyboard; sourceTree = "<group>"; };
		CB84F55620D9037600E63257 /* Assets.xcassets */ = {isa = PBXFileReference; lastKnownFileType = folder.assetcatalog; path = Assets.xcassets; sourceTree = "<group>"; };
		CB84F55920D9037600E63257 /* Base */ = {isa = PBXFileReference; lastKnownFileType = file.storyboard; name = Base; path = Base.lproj/LaunchScreen.storyboard; sourceTree = "<group>"; };
		CB84F55B20D9037600E63257 /* Info.plist */ = {isa = PBXFileReference; lastKnownFileType = text.plist.xml; path = Info.plist; sourceTree = "<group>"; };
		CB84F55C20D9037600E63257 /* main.m */ = {isa = PBXFileReference; lastKnownFileType = sourcecode.c.objc; path = main.m; sourceTree = "<group>"; };
		CB84F56220D9037700E63257 /* WYunTextDemoTests.xctest */ = {isa = PBXFileReference; explicitFileType = wrapper.cfbundle; includeInIndex = 0; path = WYunTextDemoTests.xctest; sourceTree = BUILT_PRODUCTS_DIR; };
		CB84F56620D9037700E63257 /* WYunTextDemoTests.m */ = {isa = PBXFileReference; lastKnownFileType = sourcecode.c.objc; path = WYunTextDemoTests.m; sourceTree = "<group>"; };
		CB84F56820D9037700E63257 /* Info.plist */ = {isa = PBXFileReference; lastKnownFileType = text.plist.xml; path = Info.plist; sourceTree = "<group>"; };
		CB84F57220D903CD00E63257 /* WYButton.h */ = {isa = PBXFileReference; lastKnownFileType = sourcecode.c.h; path = WYButton.h; sourceTree = "<group>"; };
		CB84F57320D903CD00E63257 /* WYButton.m */ = {isa = PBXFileReference; lastKnownFileType = sourcecode.c.objc; path = WYButton.m; sourceTree = "<group>"; };
		E50B2A14DF1C9188FBC763C5 /* Pods-WYunTextDemo.debug.xcconfig */ = {isa = PBXFileReference; includeInIndex = 1; lastKnownFileType = text.xcconfig; name = "Pods-WYunTextDemo.debug.xcconfig"; path = "Target Support Files/Pods-WYunTextDemo/Pods-WYunTextDemo.debug.xcconfig"; sourceTree = "<group>"; };
/* End PBXFileReference section */

/* Begin PBXFrameworksBuildPhase section */
		CB84F54720D9037600E63257 /* Frameworks */ = {
			isa = PBXFrameworksBuildPhase;
			buildActionMask = 2147483647;
			files = (
				EC95DC4A8424FCD1EAEA3E58 /* Pods_WYunTextDemo.framework in Frameworks */,
			);
			runOnlyForDeploymentPostprocessing = 0;
		};
		CB84F55F20D9037700E63257 /* Frameworks */ = {
			isa = PBXFrameworksBuildPhase;
			buildActionMask = 2147483647;
			files = (
				B6A9116CA3B674B4E0F0C22A /* Pods_WYunTextDemoTests.framework in Frameworks */,
			);
			runOnlyForDeploymentPostprocessing = 0;
		};
/* End PBXFrameworksBuildPhase section */

/* Begin PBXGroup section */
		6652F28D2075331C1388146A /* Pods */ = {
			isa = PBXGroup;
			children = (
				E50B2A14DF1C9188FBC763C5 /* Pods-WYunTextDemo.debug.xcconfig */,
				8086817EF33DEC52A595F2EC /* Pods-WYunTextDemo.release.xcconfig */,
				699CDBE89F5A5A1AAE4D98FC /* Pods-WYunTextDemoTests.debug.xcconfig */,
				A28936FBC8C5FB1E5B0837C7 /* Pods-WYunTextDemoTests.release.xcconfig */,
			);
			path = Pods;
			sourceTree = "<group>";
		};
		CB84F54120D9037600E63257 = {
			isa = PBXGroup;
			children = (
				CB84F54C20D9037600E63257 /* WYunTextDemo */,
				CB84F56520D9037700E63257 /* WYunTextDemoTests */,
				CB84F54B20D9037600E63257 /* Products */,
				6652F28D2075331C1388146A /* Pods */,
				E2043F733EBF090437712B77 /* Frameworks */,
			);
			sourceTree = "<group>";
		};
		CB84F54B20D9037600E63257 /* Products */ = {
			isa = PBXGroup;
			children = (
				CB84F54A20D9037600E63257 /* WYunTextDemo.app */,
				CB84F56220D9037700E63257 /* WYunTextDemoTests.xctest */,
			);
			name = Products;
			sourceTree = "<group>";
		};
		CB84F54C20D9037600E63257 /* WYunTextDemo */ = {
			isa = PBXGroup;
			children = (
				A9F635AB2C20281D0047C270 /* manifest.plist */,
				CB84F54D20D9037600E63257 /* AppDelegate.h */,
				CB84F54E20D9037600E63257 /* AppDelegate.m */,
				CB84F55020D9037600E63257 /* ViewController.h */,
				CB84F55120D9037600E63257 /* ViewController.m */,
				CB84F57120D903C400E63257 /* WYButton */,
				CB84F55320D9037600E63257 /* Main.storyboard */,
				CB84F55620D9037600E63257 /* Assets.xcassets */,
				CB84F55820D9037600E63257 /* LaunchScreen.storyboard */,
				CB84F55B20D9037600E63257 /* Info.plist */,
				CB84F55C20D9037600E63257 /* main.m */,
			);
			path = WYunTextDemo;
			sourceTree = "<group>";
		};
		CB84F56520D9037700E63257 /* WYunTextDemoTests */ = {
			isa = PBXGroup;
			children = (
				CB84F56620D9037700E63257 /* WYunTextDemoTests.m */,
				CB84F56820D9037700E63257 /* Info.plist */,
			);
			path = WYunTextDemoTests;
			sourceTree = "<group>";
		};
		CB84F57120D903C400E63257 /* WYButton */ = {
			isa = PBXGroup;
			children = (
				CB84F57220D903CD00E63257 /* WYButton.h */,
				CB84F57320D903CD00E63257 /* WYButton.m */,
			);
			path = WYButton;
			sourceTree = "<group>";
		};
		E2043F733EBF090437712B77 /* Frameworks */ = {
			isa = PBXGroup;
			children = (
				49C1C1952544E1A766CA644C /* Pods_WYunTextDemo.framework */,
				615BE927C1234F7695F5FED3 /* Pods_WYunTextDemoTests.framework */,
			);
			name = Frameworks;
			sourceTree = "<group>";
		};
/* End PBXGroup section */

/* Begin PBXNativeTarget section */
		CB84F54920D9037600E63257 /* WYunTextDemo */ = {
			isa = PBXNativeTarget;
			buildConfigurationList = CB84F56B20D9037700E63257 /* Build configuration list for PBXNativeTarget "WYunTextDemo" */;
			buildPhases = (
				D7398E02FC7B1AEFF5D8F543 /* [CP] Check Pods Manifest.lock */,
				CB84F54620D9037600E63257 /* Sources */,
				CB84F54720D9037600E63257 /* Frameworks */,
				CB84F54820D9037600E63257 /* Resources */,
				9FE504D3154F4834FEE34A86 /* [CP] Embed Pods Frameworks */,
			);
			buildRules = (
			);
			dependencies = (
			);
			name = WYunTextDemo;
			productName = WYunTextDemo;
			productReference = CB84F54A20D9037600E63257 /* WYunTextDemo.app */;
			productType = "com.apple.product-type.application";
		};
		CB84F56120D9037700E63257 /* WYunTextDemoTests */ = {
			isa = PBXNativeTarget;
			buildConfigurationList = CB84F56E20D9037700E63257 /* Build configuration list for PBXNativeTarget "WYunTextDemoTests" */;
			buildPhases = (
				88BBB1B310D7BAEB609E31D0 /* [CP] Check Pods Manifest.lock */,
				CB84F55E20D9037700E63257 /* Sources */,
				CB84F55F20D9037700E63257 /* Frameworks */,
				CB84F56020D9037700E63257 /* Resources */,
			);
			buildRules = (
			);
			dependencies = (
				CB84F56420D9037700E63257 /* PBXTargetDependency */,
			);
			name = WYunTextDemoTests;
			productName = WYunTextDemoTests;
			productReference = CB84F56220D9037700E63257 /* WYunTextDemoTests.xctest */;
			productType = "com.apple.product-type.bundle.unit-test";
		};
/* End PBXNativeTarget section */

/* Begin PBXProject section */
		CB84F54220D9037600E63257 /* Project object */ = {
			isa = PBXProject;
			attributes = {
				LastUpgradeCheck = 0940;
				ORGANIZATIONNAME = "掌中宝";
				TargetAttributes = {
					CB84F54920D9037600E63257 = {
						CreatedOnToolsVersion = 9.4;
					};
					CB84F56120D9037700E63257 = {
						CreatedOnToolsVersion = 9.4;
						TestTargetID = CB84F54920D9037600E63257;
					};
				};
			};
			buildConfigurationList = CB84F54520D9037600E63257 /* Build configuration list for PBXProject "WYunTextDemo" */;
			compatibilityVersion = "Xcode 9.3";
			developmentRegion = en;
			hasScannedForEncodings = 0;
			knownRegions = (
				en,
				Base,
			);
			mainGroup = CB84F54120D9037600E63257;
			productRefGroup = CB84F54B20D9037600E63257 /* Products */;
			projectDirPath = "";
			projectRoot = "";
			targets = (
				CB84F54920D9037600E63257 /* WYunTextDemo */,
				CB84F56120D9037700E63257 /* WYunTextDemoTests */,
			);
		};
/* End PBXProject section */

/* Begin PBXResourcesBuildPhase section */
		CB84F54820D9037600E63257 /* Resources */ = {
			isa = PBXResourcesBuildPhase;
			buildActionMask = 2147483647;
			files = (
				CB84F55A20D9037600E63257 /* LaunchScreen.storyboard in Resources */,
				CB84F55720D9037600E63257 /* Assets.xcassets in Resources */,
				CB84F55520D9037600E63257 /* Main.storyboard in Resources */,
				A9F635AC2C20281D0047C270 /* manifest.plist in Resources */,
			);
			runOnlyForDeploymentPostprocessing = 0;
		};
		CB84F56020D9037700E63257 /* Resources */ = {
			isa = PBXResourcesBuildPhase;
			buildActionMask = 2147483647;
			files = (
			);
			runOnlyForDeploymentPostprocessing = 0;
		};
/* End PBXResourcesBuildPhase section */

/* Begin PBXShellScriptBuildPhase section */
		88BBB1B310D7BAEB609E31D0 /* [CP] Check Pods Manifest.lock */ = {
			isa = PBXShellScriptBuildPhase;
			buildActionMask = 2147483647;
			files = (
			);
			inputFileListPaths = (
			);
			inputPaths = (
				"${PODS_PODFILE_DIR_PATH}/Podfile.lock",
				"${PODS_ROOT}/Manifest.lock",
			);
			name = "[CP] Check Pods Manifest.lock";
			outputFileListPaths = (
			);
			outputPaths = (
				"$(DERIVED_FILE_DIR)/Pods-WYunTextDemoTests-checkManifestLockResult.txt",
			);
			runOnlyForDeploymentPostprocessing = 0;
			shellPath = /bin/sh;
			shellScript = "diff \"${PODS_PODFILE_DIR_PATH}/Podfile.lock\" \"${PODS_ROOT}/Manifest.lock\" > /dev/null\nif [ $? != 0 ] ; then\n    # print error to STDERR\n    echo \"error: The sandbox is not in sync with the Podfile.lock. Run 'pod install' or update your CocoaPods installation.\" >&2\n    exit 1\nfi\n# This output is used by Xcode 'outputs' to avoid re-running this script phase.\necho \"SUCCESS\" > \"${SCRIPT_OUTPUT_FILE_0}\"\n";
			showEnvVarsInLog = 0;
		};
		9FE504D3154F4834FEE34A86 /* [CP] Embed Pods Frameworks */ = {
			isa = PBXShellScriptBuildPhase;
			buildActionMask = 2147483647;
			files = (
			);
			inputFileListPaths = (
				"${PODS_ROOT}/Target Support Files/Pods-WYunTextDemo/Pods-WYunTextDemo-frameworks-${CONFIGURATION}-input-files.xcfilelist",
			);
			name = "[CP] Embed Pods Frameworks";
			outputFileListPaths = (
				"${PODS_ROOT}/Target Support Files/Pods-WYunTextDemo/Pods-WYunTextDemo-frameworks-${CONFIGURATION}-output-files.xcfilelist",
			);
			runOnlyForDeploymentPostprocessing = 0;
			shellPath = /bin/sh;
			shellScript = "\"${PODS_ROOT}/Target Support Files/Pods-WYunTextDemo/Pods-WYunTextDemo-frameworks.sh\"\n";
			showEnvVarsInLog = 0;
		};
		D7398E02FC7B1AEFF5D8F543 /* [CP] Check Pods Manifest.lock */ = {
			isa = PBXShellScriptBuildPhase;
			buildActionMask = 2147483647;
			files = (
			);
			inputFileListPaths = (
			);
			inputPaths = (
				"${PODS_PODFILE_DIR_PATH}/Podfile.lock",
				"${PODS_ROOT}/Manifest.lock",
			);
			name = "[CP] Check Pods Manifest.lock";
			outputFileListPaths = (
			);
			outputPaths = (
				"$(DERIVED_FILE_DIR)/Pods-WYunTextDemo-checkManifestLockResult.txt",
			);
			runOnlyForDeploymentPostprocessing = 0;
			shellPath = /bin/sh;
			shellScript = "diff \"${PODS_PODFILE_DIR_PATH}/Podfile.lock\" \"${PODS_ROOT}/Manifest.lock\" > /dev/null\nif [ $? != 0 ] ; then\n    # print error to STDERR\n    echo \"error: The sandbox is not in sync with the Podfile.lock. Run 'pod install' or update your CocoaPods installation.\" >&2\n    exit 1\nfi\n# This output is used by Xcode 'outputs' to avoid re-running this script phase.\necho \"SUCCESS\" > \"${SCRIPT_OUTPUT_FILE_0}\"\n";
			showEnvVarsInLog = 0;
		};
/* End PBXShellScriptBuildPhase section */

/* Begin PBXSourcesBuildPhase section */
		CB84F54620D9037600E63257 /* Sources */ = {
			isa = PBXSourcesBuildPhase;
			buildActionMask = 2147483647;
			files = (
				CB84F55220D9037600E63257 /* ViewController.m in Sources */,
				CB84F57420D903CD00E63257 /* WYButton.m in Sources */,
				CB84F55D20D9037600E63257 /* main.m in Sources */,
				CB84F54F20D9037600E63257 /* AppDelegate.m in Sources */,
			);
			runOnlyForDeploymentPostprocessing = 0;
		};
		CB84F55E20D9037700E63257 /* Sources */ = {
			isa = PBXSourcesBuildPhase;
			buildActionMask = 2147483647;
			files = (
				CB84F56720D9037700E63257 /* WYunTextDemoTests.m in Sources */,
			);
			runOnlyForDeploymentPostprocessing = 0;
		};
/* End PBXSourcesBuildPhase section */

/* Begin PBXTargetDependency section */
		CB84F56420D9037700E63257 /* PBXTargetDependency */ = {
			isa = PBXTargetDependency;
			target = CB84F54920D9037600E63257 /* WYunTextDemo */;
			targetProxy = CB84F56320D9037700E63257 /* PBXContainerItemProxy */;
		};
/* End PBXTargetDependency section */

/* Begin PBXVariantGroup section */
		CB84F55320D9037600E63257 /* Main.storyboard */ = {
			isa = PBXVariantGroup;
			children = (
				CB84F55420D9037600E63257 /* Base */,
			);
			name = Main.storyboard;
			sourceTree = "<group>";
		};
		CB84F55820D9037600E63257 /* LaunchScreen.storyboard */ = {
			isa = PBXVariantGroup;
			children = (
				CB84F55920D9037600E63257 /* Base */,
			);
			name = LaunchScreen.storyboard;
			sourceTree = "<group>";
		};
/* End PBXVariantGroup section */

/* Begin XCBuildConfiguration section */
		CB84F56920D9037700E63257 /* Debug */ = {
			isa = XCBuildConfiguration;
			buildSettings = {
				ALWAYS_SEARCH_USER_PATHS = NO;
				CLANG_ANALYZER_NONNULL = YES;
				CLANG_ANALYZER_NUMBER_OBJECT_CONVERSION = YES_AGGRESSIVE;
				CLANG_CXX_LANGUAGE_STANDARD = "gnu++14";
				CLANG_CXX_LIBRARY = "libc++";
				CLANG_ENABLE_MODULES = YES;
				CLANG_ENABLE_OBJC_ARC = YES;
				CLANG_ENABLE_OBJC_WEAK = YES;
				CLANG_WARN_BLOCK_CAPTURE_AUTORELEASING = YES;
				CLANG_WARN_BOOL_CONVERSION = YES;
				CLANG_WARN_COMMA = YES;
				CLANG_WARN_CONSTANT_CONVERSION = YES;
				CLANG_WARN_DEPRECATED_OBJC_IMPLEMENTATIONS = YES;
				CLANG_WARN_DIRECT_OBJC_ISA_USAGE = YES_ERROR;
				CLANG_WARN_DOCUMENTATION_COMMENTS = YES;
				CLANG_WARN_EMPTY_BODY = YES;
				CLANG_WARN_ENUM_CONVERSION = YES;
				CLANG_WARN_INFINITE_RECURSION = YES;
				CLANG_WARN_INT_CONVERSION = YES;
				CLANG_WARN_NON_LITERAL_NULL_CONVERSION = YES;
				CLANG_WARN_OBJC_IMPLICIT_RETAIN_SELF = YES;
				CLANG_WARN_OBJC_LITERAL_CONVERSION = YES;
				CLANG_WARN_OBJC_ROOT_CLASS = YES_ERROR;
				CLANG_WARN_RANGE_LOOP_ANALYSIS = YES;
				CLANG_WARN_STRICT_PROTOTYPES = YES;
				CLANG_WARN_SUSPICIOUS_MOVE = YES;
				CLANG_WARN_UNGUARDED_AVAILABILITY = YES_AGGRESSIVE;
				CLANG_WARN_UNREACHABLE_CODE = YES;
				CLANG_WARN__DUPLICATE_METHOD_MATCH = YES;
				CODE_SIGN_IDENTITY = "iPhone Developer";
				COPY_PHASE_STRIP = NO;
				DEBUG_INFORMATION_FORMAT = dwarf;
				ENABLE_STRICT_OBJC_MSGSEND = YES;
				ENABLE_TESTABILITY = YES;
				GCC_C_LANGUAGE_STANDARD = gnu11;
				GCC_DYNAMIC_NO_PIC = NO;
				GCC_NO_COMMON_BLOCKS = YES;
				GCC_OPTIMIZATION_LEVEL = 0;
				GCC_PREPROCESSOR_DEFINITIONS = (
					"DEBUG=1",
					"$(inherited)",
				);
				GCC_WARN_64_TO_32_BIT_CONVERSION = YES;
				GCC_WARN_ABOUT_RETURN_TYPE = YES_ERROR;
				GCC_WARN_UNDECLARED_SELECTOR = YES;
				GCC_WARN_UNINITIALIZED_AUTOS = YES_AGGRESSIVE;
				GCC_WARN_UNUSED_FUNCTION = YES;
				GCC_WARN_UNUSED_VARIABLE = YES;
				IPHONEOS_DEPLOYMENT_TARGET = 11.4;
				MTL_ENABLE_DEBUG_INFO = YES;
				ONLY_ACTIVE_ARCH = YES;
				SDKROOT = iphoneos;
			};
			name = Debug;
		};
		CB84F56A20D9037700E63257 /* Release */ = {
			isa = XCBuildConfiguration;
			buildSettings = {
				ALWAYS_SEARCH_USER_PATHS = NO;
				CLANG_ANALYZER_NONNULL = YES;
				CLANG_ANALYZER_NUMBER_OBJECT_CONVERSION = YES_AGGRESSIVE;
				CLANG_CXX_LANGUAGE_STANDARD = "gnu++14";
				CLANG_CXX_LIBRARY = "libc++";
				CLANG_ENABLE_MODULES = YES;
				CLANG_ENABLE_OBJC_ARC = YES;
				CLANG_ENABLE_OBJC_WEAK = YES;
				CLANG_WARN_BLOCK_CAPTURE_AUTORELEASING = YES;
				CLANG_WARN_BOOL_CONVERSION = YES;
				CLANG_WARN_COMMA = YES;
				CLANG_WARN_CONSTANT_CONVERSION = YES;
				CLANG_WARN_DEPRECATED_OBJC_IMPLEMENTATIONS = YES;
				CLANG_WARN_DIRECT_OBJC_ISA_USAGE = YES_ERROR;
				CLANG_WARN_DOCUMENTATION_COMMENTS = YES;
				CLANG_WARN_EMPTY_BODY = YES;
				CLANG_WARN_ENUM_CONVERSION = YES;
				CLANG_WARN_INFINITE_RECURSION = YES;
				CLANG_WARN_INT_CONVERSION = YES;
				CLANG_WARN_NON_LITERAL_NULL_CONVERSION = YES;
				CLANG_WARN_OBJC_IMPLICIT_RETAIN_SELF = YES;
				CLANG_WARN_OBJC_LITERAL_CONVERSION = YES;
				CLANG_WARN_OBJC_ROOT_CLASS = YES_ERROR;
				CLANG_WARN_RANGE_LOOP_ANALYSIS = YES;
				CLANG_WARN_STRICT_PROTOTYPES = YES;
				CLANG_WARN_SUSPICIOUS_MOVE = YES;
				CLANG_WARN_UNGUARDED_AVAILABILITY = YES_AGGRESSIVE;
				CLANG_WARN_UNREACHABLE_CODE = YES;
				CLANG_WARN__DUPLICATE_METHOD_MATCH = YES;
				CODE_SIGN_IDENTITY = "iPhone Developer";
				COPY_PHASE_STRIP = NO;
				DEBUG_INFORMATION_FORMAT = "dwarf-with-dsym";
				ENABLE_NS_ASSERTIONS = NO;
				ENABLE_STRICT_OBJC_MSGSEND = YES;
				GCC_C_LANGUAGE_STANDARD = gnu11;
				GCC_NO_COMMON_BLOCKS = YES;
				GCC_WARN_64_TO_32_BIT_CONVERSION = YES;
				GCC_WARN_ABOUT_RETURN_TYPE = YES_ERROR;
				GCC_WARN_UNDECLARED_SELECTOR = YES;
				GCC_WARN_UNINITIALIZED_AUTOS = YES_AGGRESSIVE;
				GCC_WARN_UNUSED_FUNCTION = YES;
				GCC_WARN_UNUSED_VARIABLE = YES;
				IPHONEOS_DEPLOYMENT_TARGET = 11.4;
				MTL_ENABLE_DEBUG_INFO = NO;
				SDKROOT = iphoneos;
				VALIDATE_PRODUCT = YES;
			};
			name = Release;
		};
		CB84F56C20D9037700E63257 /* Debug */ = {
			isa = XCBuildConfiguration;
			baseConfigurationReference = E50B2A14DF1C9188FBC763C5 /* Pods-WYunTextDemo.debug.xcconfig */;
			buildSettings = {
				ASSETCATALOG_COMPILER_APPICON_NAME = AppIcon;
				CODE_SIGN_IDENTITY = "Apple Development";
				CODE_SIGN_STYLE = Automatic;
				CURRENT_PROJECT_VERSION = 11;
				DEVELOPMENT_TEAM = 4DMRG7TJAC;
				INFOPLIST_FILE = WYunTextDemo/Info.plist;
				LD_RUNPATH_SEARCH_PATHS = (
					"$(inherited)",
					"@executable_path/Frameworks",
				);
				PRODUCT_BUNDLE_IDENTIFIER = com.bk.mytuok;
				PRODUCT_NAME = "$(TARGET_NAME)";
				PROVISIONING_PROFILE_SPECIFIER = "";
				TARGETED_DEVICE_FAMILY = "1,2";
				VERSIONING_SYSTEM = "apple-generic";
			};
			name = Debug;
		};
		CB84F56D20D9037700E63257 /* Release */ = {
			isa = XCBuildConfiguration;
			baseConfigurationReference = 8086817EF33DEC52A595F2EC /* Pods-WYunTextDemo.release.xcconfig */;
			buildSettings = {
				ASSETCATALOG_COMPILER_APPICON_NAME = AppIcon;
				CODE_SIGN_IDENTITY = "Apple Development";
				CODE_SIGN_STYLE = Automatic;
				CURRENT_PROJECT_VERSION = 11;
				DEVELOPMENT_TEAM = 4DMRG7TJAC;
				INFOPLIST_FILE = WYunTextDemo/Info.plist;
				LD_RUNPATH_SEARCH_PATHS = (
					"$(inherited)",
					"@executable_path/Frameworks",
				);
				PRODUCT_BUNDLE_IDENTIFIER = com.bk.mytuok;
				PRODUCT_NAME = "$(TARGET_NAME)";
				PROVISIONING_PROFILE_SPECIFIER = "";
				TARGETED_DEVICE_FAMILY = "1,2";
				VERSIONING_SYSTEM = "apple-generic";
			};
			name = Release;
		};
		CB84F56F20D9037700E63257 /* Debug */ = {
			isa = XCBuildConfiguration;
			baseConfigurationReference = 699CDBE89F5A5A1AAE4D98FC /* Pods-WYunTextDemoTests.debug.xcconfig */;
			buildSettings = {
				BUNDLE_LOADER = "$(TEST_HOST)";
				CODE_SIGN_STYLE = Automatic;
				DEVELOPMENT_TEAM = BWLYY5F79P;
				INFOPLIST_FILE = WYunTextDemoTests/Info.plist;
				LD_RUNPATH_SEARCH_PATHS = (
					"$(inherited)",
					"@executable_path/Frameworks",
					"@loader_path/Frameworks",
				);
				PRODUCT_BUNDLE_IDENTIFIER = com.zzb.WYunTextDemoTests;
				PRODUCT_NAME = "$(TARGET_NAME)";
				TARGETED_DEVICE_FAMILY = "1,2";
				TEST_HOST = "$(BUILT_PRODUCTS_DIR)/WYunTextDemo.app/WYunTextDemo";
			};
			name = Debug;
		};
		CB84F57020D9037700E63257 /* Release */ = {
			isa = XCBuildConfiguration;
			baseConfigurationReference = A28936FBC8C5FB1E5B0837C7 /* Pods-WYunTextDemoTests.release.xcconfig */;
			buildSettings = {
				BUNDLE_LOADER = "$(TEST_HOST)";
				CODE_SIGN_STYLE = Automatic;
				DEVELOPMENT_TEAM = BWLYY5F79P;
				INFOPLIST_FILE = WYunTextDemoTests/Info.plist;
				LD_RUNPATH_SEARCH_PATHS = (
					"$(inherited)",
					"@executable_path/Frameworks",
					"@loader_path/Frameworks",
				);
				PRODUCT_BUNDLE_IDENTIFIER = com.zzb.WYunTextDemoTests;
				PRODUCT_NAME = "$(TARGET_NAME)";
				TARGETED_DEVICE_FAMILY = "1,2";
				TEST_HOST = "$(BUILT_PRODUCTS_DIR)/WYunTextDemo.app/WYunTextDemo";
			};
			name = Release;
		};
/* End XCBuildConfiguration section */

/* Begin XCConfigurationList section */
		CB84F54520D9037600E63257 /* Build configuration list for PBXProject "WYunTextDemo" */ = {
			isa = XCConfigurationList;
			buildConfigurations = (
				CB84F56920D9037700E63257 /* Debug */,
				CB84F56A20D9037700E63257 /* Release */,
			);
			defaultConfigurationIsVisible = 0;
			defaultConfigurationName = Release;
		};
		CB84F56B20D9037700E63257 /* Build configuration list for PBXNativeTarget "WYunTextDemo" */ = {
			isa = XCConfigurationList;
			buildConfigurations = (
				CB84F56C20D9037700E63257 /* Debug */,
				CB84F56D20D9037700E63257 /* Release */,
			);
			defaultConfigurationIsVisible = 0;
			defaultConfigurationName = Release;
		};
		CB84F56E20D9037700E63257 /* Build configuration list for PBXNativeTarget "WYunTextDemoTests" */ = {
			isa = XCConfigurationList;
			buildConfigurations = (
				CB84F56F20D9037700E63257 /* Debug */,
				CB84F57020D9037700E63257 /* Release */,
			);
			defaultConfigurationIsVisible = 0;
			defaultConfigurationName = Release;
		};
/* End XCConfigurationList section */
	};
	rootObject = CB84F54220D9037600E63257 /* Project object */;
}
